
Microsoft Visual Studio Solution File, Format Version 12.00
# Visual Studio 2012
Project("{FAE04EC0-301F-11D3-BF4B-00C04F79EFBC}") = "LordOfTheFlies", "LordOfTheFlies\LordOfTheFlies.csproj", "{B651ACFB-AEA1-4585-9323-31AFBA28F978}"
EndProject
Global
	GlobalSection(SolutionConfigurationPlatforms) = preSolution
		Debug|Any CPU = Debug|Any CPU
		Release|Any CPU = Release|Any CPU
	EndGlobalSection
	GlobalSection(ProjectConfigurationPlatforms) = postSolution
		{B651ACFB-AEA1-4585-9323-31AFBA28F978}.Debug|Any CPU.ActiveCfg = Debug|Any CPU
		{B651ACFB-AEA1-4585-9323-31AFBA28F978}.Debug|Any CPU.Build.0 = Debug|Any CPU
		{B651ACFB-AEA1-4585-9323-31AFBA28F978}.Release|Any CPU.ActiveCfg = Release|Any CPU
		{B651ACFB-AEA1-4585-9323-31AFBA28F978}.Release|Any CPU.Build.0 = Release|Any CPU
	EndGlobalSection
	GlobalSection(SolutionProperties) = preSolution
		HideSolutionNode = FALSE
	EndGlobalSection
EndGlobal
